
Microsoft Visual Studio Solution File, Format Version 12.00
# Visual Studio 15
VisualStudioVersion = 15.0.26730.16
MinimumVisualStudioVersion = 10.0.40219.1
Project("{FAE04EC0-301F-11D3-BF4B-00C04F79EFBC}") = "Outdoor.Web", "Outdoor.Web\Outdoor.Web.csproj", "{D6AEB0B8-A596-43C6-A449-85CA15889649}"
EndProject
Project("{E24C65DC-7377-472B-9ABA-BC803B73C61A}") = "CommuteTracker.Web", "http://localhost:57442", "{CF23A1B8-380F-4E7A-988E-22212BA70416}"
	ProjectSection(WebsiteProperties) = preProject
		SccProjectName = "SAK"
		SccAuxPath = "SAK"
		SccLocalPath = "SAK"
		SccProvider = "SAK"
		UseIISExpress = "true"
		TargetFrameworkMoniker = ".NETFramework,Version%3Dv4.0"
		Debug.AspNetCompiler.VirtualPath = "/localhost_57442"
		Debug.AspNetCompiler.PhysicalPath = "CommuteTracker.Web\"
		Debug.AspNetCompiler.TargetPath = "PrecompiledWeb\localhost_57442\"
		Debug.AspNetCompiler.Updateable = "true"
		Debug.AspNetCompiler.ForceOverwrite = "true"
		Debug.AspNetCompiler.FixedNames = "false"
		Debug.AspNetCompiler.Debug = "True"
		Release.AspNetCompiler.VirtualPath = "/localhost_57442"
		Release.AspNetCompiler.PhysicalPath = "CommuteTracker.Web\"
		Release.AspNetCompiler.TargetPath = "PrecompiledWeb\localhost_57442\"
		Release.AspNetCompiler.Updateable = "true"
		Release.AspNetCompiler.ForceOverwrite = "true"
		Release.AspNetCompiler.FixedNames = "false"
		Release.AspNetCompiler.Debug = "False"
		SlnRelativePath = "CommuteTracker.Web\"
	EndProjectSection
EndProject
Project("{FAE04EC0-301F-11D3-BF4B-00C04F79EFBC}") = "ShootingManager.Web", "ShootingManager.Web\ShootingManager.Web.csproj", "{360205DF-B87C-45FE-BD9A-AA2E71F5AF34}"
EndProject
Project("{FAE04EC0-301F-11D3-BF4B-00C04F79EFBC}") = "RPCentral", "RPCentral\RPCentral.csproj", "{E6E2A487-25A5-40B4-9FB3-D98E12D259D3}"
EndProject
Project("{FAE04EC0-301F-11D3-BF4B-00C04F79EFBC}") = "Fitness.Web", "Fitness.Web\Fitness.Web.csproj", "{230059C7-1758-4DA5-8979-0318772BD867}"
EndProject
Project("{FAE04EC0-301F-11D3-BF4B-00C04F79EFBC}") = "Music.Web", "Music.Web\Music.Web.csproj", "{43015BE4-E48D-4F6E-B4BD-4088E15D802F}"
EndProject
Project("{FAE04EC0-301F-11D3-BF4B-00C04F79EFBC}") = "Tech.Web", "Tech.Web\Tech.Web.csproj", "{5414962B-7999-47B9-A121-139BABE2DBE8}"
EndProject
Project("{FAE04EC0-301F-11D3-BF4B-00C04F79EFBC}") = "RPUnitTests", "RPUnitTests\RPUnitTests.csproj", "{F97DBD55-A33C-46D0-A963-9BDA283A2183}"
EndProject
Project("{FAE04EC0-301F-11D3-BF4B-00C04F79EFBC}") = "Data.Core", "Data.Core\Data.Core.csproj", "{6CEEF791-04B7-4603-94EF-F195504A91F1}"
EndProject
Project("{FAE04EC0-301F-11D3-BF4B-00C04F79EFBC}") = "Fishing.Web", "Fishing.Web\Fishing.Web.csproj", "{0D371463-608E-4AD8-8D92-AAE799082CF3}"
EndProject
Project("{FAE04EC0-301F-11D3-BF4B-00C04F79EFBC}") = "ShootingManager.Entities", "ShootingManager.Entities\ShootingManager.Entities.csproj", "{8135E349-65AD-44CF-BA4B-DAE13EDB5A03}"
EndProject
Project("{FAE04EC0-301F-11D3-BF4B-00C04F79EFBC}") = "ShootingManager.Service", "ShootingManager.Service\ShootingManager.Service.csproj", "{5B054640-C346-4ECA-9AA4-13EF83DCE7EB}"
EndProject
Project("{FAE04EC0-301F-11D3-BF4B-00C04F79EFBC}") = "Music.Entities", "Music.Entities\Music.Entities.csproj", "{A1DDBBE2-A640-4BFD-931E-98D6F1D09CFC}"
EndProject
Project("{FAE04EC0-301F-11D3-BF4B-00C04F79EFBC}") = "Music.Service", "Music.Service\Music.Service.csproj", "{674B8BCC-2E17-4610-836B-7CF66C218338}"
EndProject
Project("{FAE04EC0-301F-11D3-BF4B-00C04F79EFBC}") = "ShootingManager.Repositories", "ShootingManager.Repositories\ShootingManager.Repositories.csproj", "{109B5CB6-0562-49B0-8A88-60ECB18E79B0}"
EndProject
Project("{FAE04EC0-301F-11D3-BF4B-00C04F79EFBC}") = "Music.Repositories", "Music.Repositories\Music.Repositories.csproj", "{ABCDDF8A-5E89-4C9C-B4DF-FDE0936ED5DB}"
EndProject
Project("{FAE04EC0-301F-11D3-BF4B-00C04F79EFBC}") = "Web.Core", "Web.Core\Web.Core.csproj", "{2DA191DA-6C28-44C8-B928-2D2C6DBD0DE0}"
EndProject
Project("{FAE04EC0-301F-11D3-BF4B-00C04F79EFBC}") = "ShootingManager.Web.Tests", "ShootingManager.Web.Tests\ShootingManager.Web.Tests.csproj", "{3A45A8AA-3ABD-48F7-A913-E5749C160BAD}"
EndProject
Project("{FAE04EC0-301F-11D3-BF4B-00C04F79EFBC}") = "Spirits.Web", "Spirits.Web\Spirits.Web.csproj", "{8CC1D617-30A6-400A-8031-C5792F524349}"
EndProject
Project("{FAE04EC0-301F-11D3-BF4B-00C04F79EFBC}") = "ShootingManager.DataEF", "ShootingManager.DataEF\ShootingManager.DataEF.csproj", "{E84DC01D-F923-40B1-B71D-BBD83BF769EE}"
EndProject
Project("{FAE04EC0-301F-11D3-BF4B-00C04F79EFBC}") = "ShootingManager.DataService", "ShootingManager.DataService\ShootingManager.DataService.csproj", "{DC3C7A2C-3B72-4BF0-B29D-E006F68BDD38}"
EndProject
Project("{FAE04EC0-301F-11D3-BF4B-00C04F79EFBC}") = "ShootingManager.TestData", "ShootingManager.TestData\ShootingManager.TestData.csproj", "{F1176D31-4899-48EE-848D-28649B4173C2}"
EndProject
Global
	GlobalSection(SolutionConfigurationPlatforms) = preSolution
		Debug|Any CPU = Debug|Any CPU
		Release|Any CPU = Release|Any CPU
	EndGlobalSection
	GlobalSection(ProjectConfigurationPlatforms) = postSolution
		{D6AEB0B8-A596-43C6-A449-85CA15889649}.Debug|Any CPU.ActiveCfg = Debug|Any CPU
		{D6AEB0B8-A596-43C6-A449-85CA15889649}.Debug|Any CPU.Build.0 = Debug|Any CPU
		{D6AEB0B8-A596-43C6-A449-85CA15889649}.Release|Any CPU.ActiveCfg = Release|Any CPU
		{D6AEB0B8-A596-43C6-A449-85CA15889649}.Release|Any CPU.Build.0 = Release|Any CPU
		{CF23A1B8-380F-4E7A-988E-22212BA70416}.Debug|Any CPU.ActiveCfg = Debug|Any CPU
		{CF23A1B8-380F-4E7A-988E-22212BA70416}.Debug|Any CPU.Build.0 = Debug|Any CPU
		{CF23A1B8-380F-4E7A-988E-22212BA70416}.Release|Any CPU.ActiveCfg = Debug|Any CPU
		{CF23A1B8-380F-4E7A-988E-22212BA70416}.Release|Any CPU.Build.0 = Debug|Any CPU
		{360205DF-B87C-45FE-BD9A-AA2E71F5AF34}.Debug|Any CPU.ActiveCfg = Debug|Any CPU
		{360205DF-B87C-45FE-BD9A-AA2E71F5AF34}.Debug|Any CPU.Build.0 = Debug|Any CPU
		{360205DF-B87C-45FE-BD9A-AA2E71F5AF34}.Release|Any CPU.ActiveCfg = Release|Any CPU
		{360205DF-B87C-45FE-BD9A-AA2E71F5AF34}.Release|Any CPU.Build.0 = Release|Any CPU
		{E6E2A487-25A5-40B4-9FB3-D98E12D259D3}.Debug|Any CPU.ActiveCfg = Debug|Any CPU
		{E6E2A487-25A5-40B4-9FB3-D98E12D259D3}.Debug|Any CPU.Build.0 = Debug|Any CPU
		{E6E2A487-25A5-40B4-9FB3-D98E12D259D3}.Release|Any CPU.ActiveCfg = Release|Any CPU
		{E6E2A487-25A5-40B4-9FB3-D98E12D259D3}.Release|Any CPU.Build.0 = Release|Any CPU
		{230059C7-1758-4DA5-8979-0318772BD867}.Debug|Any CPU.ActiveCfg = Debug|Any CPU
		{230059C7-1758-4DA5-8979-0318772BD867}.Debug|Any CPU.Build.0 = Debug|Any CPU
		{230059C7-1758-4DA5-8979-0318772BD867}.Release|Any CPU.ActiveCfg = Release|Any CPU
		{230059C7-1758-4DA5-8979-0318772BD867}.Release|Any CPU.Build.0 = Release|Any CPU
		{43015BE4-E48D-4F6E-B4BD-4088E15D802F}.Debug|Any CPU.ActiveCfg = Debug|Any CPU
		{43015BE4-E48D-4F6E-B4BD-4088E15D802F}.Debug|Any CPU.Build.0 = Debug|Any CPU
		{43015BE4-E48D-4F6E-B4BD-4088E15D802F}.Release|Any CPU.ActiveCfg = Release|Any CPU
		{43015BE4-E48D-4F6E-B4BD-4088E15D802F}.Release|Any CPU.Build.0 = Release|Any CPU
		{5414962B-7999-47B9-A121-139BABE2DBE8}.Debug|Any CPU.ActiveCfg = Debug|Any CPU
		{5414962B-7999-47B9-A121-139BABE2DBE8}.Debug|Any CPU.Build.0 = Debug|Any CPU
		{5414962B-7999-47B9-A121-139BABE2DBE8}.Release|Any CPU.ActiveCfg = Release|Any CPU
		{5414962B-7999-47B9-A121-139BABE2DBE8}.Release|Any CPU.Build.0 = Release|Any CPU
		{F97DBD55-A33C-46D0-A963-9BDA283A2183}.Debug|Any CPU.ActiveCfg = Debug|Any CPU
		{F97DBD55-A33C-46D0-A963-9BDA283A2183}.Debug|Any CPU.Build.0 = Debug|Any CPU
		{F97DBD55-A33C-46D0-A963-9BDA283A2183}.Release|Any CPU.ActiveCfg = Release|Any CPU
		{F97DBD55-A33C-46D0-A963-9BDA283A2183}.Release|Any CPU.Build.0 = Release|Any CPU
		{6CEEF791-04B7-4603-94EF-F195504A91F1}.Debug|Any CPU.ActiveCfg = Debug|Any CPU
		{6CEEF791-04B7-4603-94EF-F195504A91F1}.Debug|Any CPU.Build.0 = Debug|Any CPU
		{6CEEF791-04B7-4603-94EF-F195504A91F1}.Release|Any CPU.ActiveCfg = Release|Any CPU
		{6CEEF791-04B7-4603-94EF-F195504A91F1}.Release|Any CPU.Build.0 = Release|Any CPU
		{0D371463-608E-4AD8-8D92-AAE799082CF3}.Debug|Any CPU.ActiveCfg = Debug|Any CPU
		{0D371463-608E-4AD8-8D92-AAE799082CF3}.Debug|Any CPU.Build.0 = Debug|Any CPU
		{0D371463-608E-4AD8-8D92-AAE799082CF3}.Release|Any CPU.ActiveCfg = Release|Any CPU
		{0D371463-608E-4AD8-8D92-AAE799082CF3}.Release|Any CPU.Build.0 = Release|Any CPU
		{8135E349-65AD-44CF-BA4B-DAE13EDB5A03}.Debug|Any CPU.ActiveCfg = Debug|Any CPU
		{8135E349-65AD-44CF-BA4B-DAE13EDB5A03}.Debug|Any CPU.Build.0 = Debug|Any CPU
		{8135E349-65AD-44CF-BA4B-DAE13EDB5A03}.Release|Any CPU.ActiveCfg = Release|Any CPU
		{8135E349-65AD-44CF-BA4B-DAE13EDB5A03}.Release|Any CPU.Build.0 = Release|Any CPU
		{5B054640-C346-4ECA-9AA4-13EF83DCE7EB}.Debug|Any CPU.ActiveCfg = Debug|Any CPU
		{5B054640-C346-4ECA-9AA4-13EF83DCE7EB}.Debug|Any CPU.Build.0 = Debug|Any CPU
		{5B054640-C346-4ECA-9AA4-13EF83DCE7EB}.Release|Any CPU.ActiveCfg = Release|Any CPU
		{5B054640-C346-4ECA-9AA4-13EF83DCE7EB}.Release|Any CPU.Build.0 = Release|Any CPU
		{A1DDBBE2-A640-4BFD-931E-98D6F1D09CFC}.Debug|Any CPU.ActiveCfg = Debug|Any CPU
		{A1DDBBE2-A640-4BFD-931E-98D6F1D09CFC}.Debug|Any CPU.Build.0 = Debug|Any CPU
		{A1DDBBE2-A640-4BFD-931E-98D6F1D09CFC}.Release|Any CPU.ActiveCfg = Release|Any CPU
		{A1DDBBE2-A640-4BFD-931E-98D6F1D09CFC}.Release|Any CPU.Build.0 = Release|Any CPU
		{674B8BCC-2E17-4610-836B-7CF66C218338}.Debug|Any CPU.ActiveCfg = Debug|Any CPU
		{674B8BCC-2E17-4610-836B-7CF66C218338}.Debug|Any CPU.Build.0 = Debug|Any CPU
		{674B8BCC-2E17-4610-836B-7CF66C218338}.Release|Any CPU.ActiveCfg = Release|Any CPU
		{674B8BCC-2E17-4610-836B-7CF66C218338}.Release|Any CPU.Build.0 = Release|Any CPU
		{109B5CB6-0562-49B0-8A88-60ECB18E79B0}.Debug|Any CPU.ActiveCfg = Debug|Any CPU
		{109B5CB6-0562-49B0-8A88-60ECB18E79B0}.Debug|Any CPU.Build.0 = Debug|Any CPU
		{109B5CB6-0562-49B0-8A88-60ECB18E79B0}.Release|Any CPU.ActiveCfg = Release|Any CPU
		{109B5CB6-0562-49B0-8A88-60ECB18E79B0}.Release|Any CPU.Build.0 = Release|Any CPU
		{ABCDDF8A-5E89-4C9C-B4DF-FDE0936ED5DB}.Debug|Any CPU.ActiveCfg = Debug|Any CPU
		{ABCDDF8A-5E89-4C9C-B4DF-FDE0936ED5DB}.Debug|Any CPU.Build.0 = Debug|Any CPU
		{ABCDDF8A-5E89-4C9C-B4DF-FDE0936ED5DB}.Release|Any CPU.ActiveCfg = Release|Any CPU
		{ABCDDF8A-5E89-4C9C-B4DF-FDE0936ED5DB}.Release|Any CPU.Build.0 = Release|Any CPU
		{2DA191DA-6C28-44C8-B928-2D2C6DBD0DE0}.Debug|Any CPU.ActiveCfg = Debug|Any CPU
		{2DA191DA-6C28-44C8-B928-2D2C6DBD0DE0}.Debug|Any CPU.Build.0 = Debug|Any CPU
		{2DA191DA-6C28-44C8-B928-2D2C6DBD0DE0}.Release|Any CPU.ActiveCfg = Release|Any CPU
		{2DA191DA-6C28-44C8-B928-2D2C6DBD0DE0}.Release|Any CPU.Build.0 = Release|Any CPU
		{3A45A8AA-3ABD-48F7-A913-E5749C160BAD}.Debug|Any CPU.ActiveCfg = Debug|Any CPU
		{3A45A8AA-3ABD-48F7-A913-E5749C160BAD}.Debug|Any CPU.Build.0 = Debug|Any CPU
		{3A45A8AA-3ABD-48F7-A913-E5749C160BAD}.Release|Any CPU.ActiveCfg = Release|Any CPU
		{3A45A8AA-3ABD-48F7-A913-E5749C160BAD}.Release|Any CPU.Build.0 = Release|Any CPU
		{8CC1D617-30A6-400A-8031-C5792F524349}.Debug|Any CPU.ActiveCfg = Debug|Any CPU
		{8CC1D617-30A6-400A-8031-C5792F524349}.Debug|Any CPU.Build.0 = Debug|Any CPU
		{8CC1D617-30A6-400A-8031-C5792F524349}.Release|Any CPU.ActiveCfg = Release|Any CPU
		{8CC1D617-30A6-400A-8031-C5792F524349}.Release|Any CPU.Build.0 = Release|Any CPU
		{E84DC01D-F923-40B1-B71D-BBD83BF769EE}.Debug|Any CPU.ActiveCfg = Debug|Any CPU
		{E84DC01D-F923-40B1-B71D-BBD83BF769EE}.Debug|Any CPU.Build.0 = Debug|Any CPU
		{E84DC01D-F923-40B1-B71D-BBD83BF769EE}.Release|Any CPU.ActiveCfg = Release|Any CPU
		{E84DC01D-F923-40B1-B71D-BBD83BF769EE}.Release|Any CPU.Build.0 = Release|Any CPU
		{DC3C7A2C-3B72-4BF0-B29D-E006F68BDD38}.Debug|Any CPU.ActiveCfg = Debug|Any CPU
		{DC3C7A2C-3B72-4BF0-B29D-E006F68BDD38}.Debug|Any CPU.Build.0 = Debug|Any CPU
		{DC3C7A2C-3B72-4BF0-B29D-E006F68BDD38}.Release|Any CPU.ActiveCfg = Release|Any CPU
		{DC3C7A2C-3B72-4BF0-B29D-E006F68BDD38}.Release|Any CPU.Build.0 = Release|Any CPU
		{F1176D31-4899-48EE-848D-28649B4173C2}.Debug|Any CPU.ActiveCfg = Debug|Any CPU
		{F1176D31-4899-48EE-848D-28649B4173C2}.Debug|Any CPU.Build.0 = Debug|Any CPU
		{F1176D31-4899-48EE-848D-28649B4173C2}.Release|Any CPU.ActiveCfg = Release|Any CPU
		{F1176D31-4899-48EE-848D-28649B4173C2}.Release|Any CPU.Build.0 = Release|Any CPU
	EndGlobalSection
	GlobalSection(SolutionProperties) = preSolution
		HideSolutionNode = FALSE
	EndGlobalSection
	GlobalSection(ExtensibilityGlobals) = postSolution
		SolutionGuid = {5DD8F58D-50C8-4F55-A9B4-463C91A48DC1}
	EndGlobalSection
	GlobalSection(TeamFoundationVersionControl) = preSolution
		SccNumberOfProjects = 23
		SccEnterpriseProvider = {4CA58AB2-18FA-4F8D-95D4-32DDF27D184C}
		SccTeamFoundationServer = http://emerson:8080/tfs/ycd%20webs
		SccLocalPath0 = .
		SccWebProject1 = true
		SccProjectUniqueName1 = http://localhost:57442
		SccProjectName1 = CommuteTracker.Web
		SccLocalPath1 = CommuteTracker.Web
		SccProjectEnlistmentChoice1 = 2
		SccProjectUniqueName2 = Music.Web\\Music.Web.csproj
		SccProjectName2 = Music.Web
		SccLocalPath2 = Music.Web
		SccProjectUniqueName3 = Outdoor.Web\\Outdoor.Web.csproj
		SccProjectName3 = Outdoor.Web
		SccLocalPath3 = Outdoor.Web
		SccProjectUniqueName4 = RPCentral\\RPCentral.csproj
		SccProjectName4 = RPCentral
		SccLocalPath4 = RPCentral
		SccProjectUniqueName5 = ShootingManager.Web\\ShootingManager.Web.csproj
		SccProjectName5 = ShootingManager.Web
		SccLocalPath5 = ShootingManager.Web
		SccProjectUniqueName6 = Tech.Web\\Tech.Web.csproj
		SccProjectName6 = Tech.Web
		SccLocalPath6 = Tech.Web
		SccProjectUniqueName7 = RPUnitTests\\RPUnitTests.csproj
		SccProjectName7 = RPUnitTests
		SccLocalPath7 = RPUnitTests
		SccProjectUniqueName8 = Data.Core\\Data.Core.csproj
		SccProjectName8 = Data.Core
		SccLocalPath8 = Data.Core
		SccProjectUniqueName9 = Fishing.Web\\Fishing.Web.csproj
		SccProjectName9 = Fishing.Web
		SccLocalPath9 = Fishing.Web
		SccProjectUniqueName10 = ShootingManager.Entities\\ShootingManager.Entities.csproj
		SccProjectName10 = ShootingManager.Entities
		SccLocalPath10 = ShootingManager.Entities
		SccProjectUniqueName11 = ShootingManager.Service\\ShootingManager.Service.csproj
		SccProjectName11 = ShootingManager.Service
		SccLocalPath11 = ShootingManager.Service
		SccProjectUniqueName12 = Music.Entities\\Music.Entities.csproj
		SccProjectName12 = Music.Entities
		SccLocalPath12 = Music.Entities
		SccProjectUniqueName13 = Music.Service\\Music.Service.csproj
		SccProjectName13 = Music.Service
		SccLocalPath13 = Music.Service
		SccProjectUniqueName14 = ShootingManager.Repositories\\ShootingManager.Repositories.csproj
		SccProjectName14 = ShootingManager.Repositories
		SccLocalPath14 = ShootingManager.Repositories
		SccProjectUniqueName15 = Music.Repositories\\Music.Repositories.csproj
		SccProjectName15 = Music.Repositories
		SccLocalPath15 = Music.Repositories
		SccProjectUniqueName16 = Web.Core\\Web.Core.csproj
		SccProjectName16 = Web.Core
		SccLocalPath16 = Web.Core
		SccProjectUniqueName17 = ShootingManager.Web.Tests\\ShootingManager.Web.Tests.csproj
		SccProjectName17 = ShootingManager.Web.Tests
		SccLocalPath17 = ShootingManager.Web.Tests
		SccProjectUniqueName18 = Spirits.Web\\Spirits.Web.csproj
		SccProjectName18 = Spirits.Web
		SccLocalPath18 = Spirits.Web
		SccProjectUniqueName19 = ShootingManager.DataEF\\ShootingManager.DataEF.csproj
		SccProjectName19 = ShootingManager.DataEF
		SccLocalPath19 = ShootingManager.DataEF
		SccProjectUniqueName20 = ShootingManager.DataService\\ShootingManager.DataService.csproj
		SccProjectName20 = ShootingManager.DataService
		SccLocalPath20 = ShootingManager.DataService
		SccProjectUniqueName21 = Fitness.Web\\Fitness.Web.csproj
		SccProjectName21 = Fitness.Web
		SccLocalPath21 = Fitness.Web
		SccProjectUniqueName22 = ShootingManager.TestData\\ShootingManager.TestData.csproj
		SccProjectName22 = ShootingManager.TestData
		SccLocalPath22 = ShootingManager.TestData
	EndGlobalSection
EndGlobal
